// !$*UTF8*$!
{
	archiveVersion = 1;
	classes = {
	};
	objectVersion = 46;
	objects = {

/* Begin PBXBuildFile section */
		54685D001C05BB4000DD9880 /* AppDelegate.m in Sources */ = {isa = PBXBuildFile; fileRef = 54685CFF1C05BB4000DD9880 /* AppDelegate.m */; };
		54685D031C05BB4000DD9880 /* main.m in Sources */ = {isa = PBXBuildFile; fileRef = 54685D021C05BB4000DD9880 /* main.m */; };
		54685D061C05BB4000DD9880 /* ViewController.m in Sources */ = {isa = PBXBuildFile; fileRef = 54685D051C05BB4000DD9880 /* ViewController.m */; };
		54685D081C05BB4000DD9880 /* Assets.xcassets in Resources */ = {isa = PBXBuildFile; fileRef = 54685D071C05BB4000DD9880 /* Assets.xcassets */; };
		54685D0B1C05BB4000DD9880 /* Main.storyboard in Resources */ = {isa = PBXBuildFile; fileRef = 54685D091C05BB4000DD9880 /* Main.storyboard */; };
/* End PBXBuildFile section */

/* Begin PBXFileReference section */
		54685CFB1C05BB4000DD9880 /* Card Reader.app */ = {isa = PBXFileReference; explicitFileType = wrapper.application; includeInIndex = 0; path = "Card Reader.app"; sourceTree = BUILT_PRODUCTS_DIR; };
		54685CFE1C05BB4000DD9880 /* AppDelegate.h */ = {isa = PBXFileReference; lastKnownFileType = sourcecode.c.h; path = AppDelegate.h; sourceTree = "<group>"; };
		54685CFF1C05BB4000DD9880 /* AppDelegate.m */ = {isa = PBXFileReference; lastKnownFileType = sourcecode.c.objc; path = AppDelegate.m; sourceTree = "<group>"; };
		54685D021C05BB4000DD9880 /* main.m */ = {isa = PBXFileReference; lastKnownFileType = sourcecode.c.objc; path = main.m; sourceTree = "<group>"; };
		54685D041C05BB4000DD9880 /* ViewController.h */ = {isa = PBXFileReference; lastKnownFileType = sourcecode.c.h; path = ViewController.h; sourceTree = "<group>"; };
		54685D051C05BB4000DD9880 /* ViewController.m */ = {isa = PBXFileReference; lastKnownFileType = sourcecode.c.objc; path = ViewController.m; sourceTree = "<group>"; };
		54685D071C05BB4000DD9880 /* Assets.xcassets */ = {isa = PBXFileReference; lastKnownFileType = folder.assetcatalog; path = Assets.xcassets; sourceTree = "<group>"; };
		54685D0A1C05BB4000DD9880 /* Base */ = {isa = PBXFileReference; lastKnownFileType = file.storyboard; name = Base; path = Base.lproj/Main.storyboard; sourceTree = "<group>"; };
		54685D0C1C05BB4000DD9880 /* Info.plist */ = {isa = PBXFileReference; lastKnownFileType = text.plist.xml; path = Info.plist; sourceTree = "<group>"; };
/* End PBXFileReference section */

/* Begin PBXFrameworksBuildPhase section */
		54685CF81C05BB4000DD9880 /* Frameworks */ = {
			isa = PBXFrameworksBuildPhase;
			buildActionMask = 2147483647;
			files = (
			);
			runOnlyForDeploymentPostprocessing = 0;
		};
/* End PBXFrameworksBuildPhase section */

/* Begin PBXGroup section */
		54685CF21C05BB4000DD9880 = {
			isa = PBXGroup;
			children = (
				54685CFD1C05BB4000DD9880 /* Card Reader */,
				54685CFC1C05BB4000DD9880 /* Products */,
			);
			sourceTree = "<group>";
		};
		54685CFC1C05BB4000DD9880 /* Products */ = {
			isa = PBXGroup;
			children = (
				54685CFB1C05BB4000DD9880 /* Card Reader.app */,
			);
			name = Products;
			sourceTree = "<group>";
		};
		54685CFD1C05BB4000DD9880 /* Card Reader */ = {
			isa = PBXGroup;
			children = (
				54685CFE1C05BB4000DD9880 /* AppDelegate.h */,
				54685CFF1C05BB4000DD9880 /* AppDelegate.m */,
				54685D041C05BB4000DD9880 /* ViewController.h */,
				54685D051C05BB4000DD9880 /* ViewController.m */,
				54685D071C05BB4000DD9880 /* Assets.xcassets */,
				54685D091C05BB4000DD9880 /* Main.storyboard */,
				54685D0C1C05BB4000DD9880 /* Info.plist */,
				54685D011C05BB4000DD9880 /* Supporting Files */,
			);
			path = "Card Reader";
			sourceTree = "<group>";
		};
		54685D011C05BB4000DD9880 /* Supporting Files */ = {
			isa = PBXGroup;
			children = (
				54685D021C05BB4000DD9880 /* main.m */,
			);
			name = "Supporting Files";
			sourceTree = "<group>";
		};
/* End PBXGroup section */

/* Begin PBXNativeTarget section */
		54685CFA1C05BB4000DD9880 /* Card Reader */ = {
			isa = PBXNativeTarget;
			buildConfigurationList = 54685D0F1C05BB4000DD9880 /* Build configuration list for PBXNativeTarget "Card Reader" */;
			buildPhases = (
				54685CF71C05BB4000DD9880 /* Sources */,
				54685CF81C05BB4000DD9880 /* Frameworks */,
				54685CF91C05BB4000DD9880 /* Resources */,
			);
			buildRules = (
			);
			dependencies = (
			);
			name = "Card Reader";
			productName = "Card Reader";
			productReference = 54685CFB1C05BB4000DD9880 /* Card Reader.app */;
			productType = "com.apple.product-type.application";
		};
/* End PBXNativeTarget section */

/* Begin PBXProject section */
		54685CF31C05BB4000DD9880 /* Project object */ = {
			isa = PBXProject;
			attributes = {
				LastUpgradeCheck = 0710;
				ORGANIZATIONNAME = "Bilue Pty Ltd";
				TargetAttributes = {
					54685CFA1C05BB4000DD9880 = {
						CreatedOnToolsVersion = 7.1.1;
					};
				};
			};
			buildConfigurationList = 54685CF61C05BB4000DD9880 /* Build configuration list for PBXProject "Card Reader" */;
			compatibilityVersion = "Xcode 3.2";
			developmentRegion = English;
			hasScannedForEncodings = 0;
			knownRegions = (
				en,
				Base,
			);
			mainGroup = 54685CF21C05BB4000DD9880;
			productRefGroup = 54685CFC1C05BB4000DD9880 /* Products */;
			projectDirPath = "";
			projectRoot = "";
			targets = (
				54685CFA1C05BB4000DD9880 /* Card Reader */,
			);
		};
/* End PBXProject section */

/* Begin PBXResourcesBuildPhase section */
		54685CF91C05BB4000DD9880 /* Resources */ = {
			isa = PBXResourcesBuildPhase;
			buildActionMask = 2147483647;
			files = (
				54685D081C05BB4000DD9880 /* Assets.xcassets in Resources */,
				54685D0B1C05BB4000DD9880 /* Main.storyboard in Resources */,
			);
			runOnlyForDeploymentPostprocessing = 0;
		};
/* End PBXResourcesBuildPhase section */

/* Begin PBXSourcesBuildPhase section */
		54685CF71C05BB4000DD9880 /* Sources */ = {
			isa = PBXSourcesBuildPhase;
			buildActionMask = 2147483647;
			files = (
				54685D061C05BB4000DD9880 /* ViewController.m in Sources */,
				54685D031C05BB4000DD9880 /* main.m in Sources */,
				54685D001C05BB4000DD9880 /* AppDelegate.m in Sources */,
			);
			runOnlyForDeploymentPostprocessing = 0;
		};
/* End PBXSourcesBuildPhase section */

/* Begin PBXVariantGroup section */
		54685D091C05BB4000DD9880 /* Main.storyboard */ = {
			isa = PBXVariantGroup;
			children = (
				54685D0A1C05BB4000DD9880 /* Base */,
			);
			name = Main.storyboard;
			sourceTree = "<group>";
		};
/* End PBXVariantGroup section */

/* Begin XCBuildConfiguration section */
		54685D0D1C05BB4000DD9880 /* Debug */ = {
			isa = XCBuildConfiguration;
			buildSettings = {
				ALWAYS_SEARCH_USER_PATHS = NO;
				CLANG_CXX_LANGUAGE_STANDARD = "gnu++0x";
				CLANG_CXX_LIBRARY = "libc++";
				CLANG_ENABLE_MODULES = YES;
				CLANG_ENABLE_OBJC_ARC = YES;
				CLANG_WARN_BOOL_CONVERSION = YES;
				CLANG_WARN_CONSTANT_CONVERSION = YES;
				CLANG_WARN_DIRECT_OBJC_ISA_USAGE = YES_ERROR;
				CLANG_WARN_EMPTY_BODY = YES;
				CLANG_WARN_ENUM_CONVERSION = YES;
				CLANG_WARN_INT_CONVERSION = YES;
				CLANG_WARN_OBJC_ROOT_CLASS = YES_ERROR;
				CLANG_WARN_UNREACHABLE_CODE = YES;
				CLANG_WARN__DUPLICATE_METHOD_MATCH = YES;
				CODE_SIGN_IDENTITY = "-";
				COPY_PHASE_STRIP = NO;
				DEBUG_INFORMATION_FORMAT = dwarf;
				ENABLE_STRICT_OBJC_MSGSEND = YES;
				ENABLE_TESTABILITY = YES;
				GCC_C_LANGUAGE_STANDARD = gnu99;
				GCC_DYNAMIC_NO_PIC = NO;
				GCC_NO_COMMON_BLOCKS = YES;
				GCC_OPTIMIZATION_LEVEL = 0;
				GCC_PREPROCESSOR_DEFINITIONS = (
					"DEBUG=1",
					"$(inherited)",
				);
				GCC_WARN_64_TO_32_BIT_CONVERSION = YES;
				GCC_WARN_ABOUT_RETURN_TYPE = YES_ERROR;
				GCC_WARN_UNDECLARED_SELECTOR = YES;
				GCC_WARN_UNINITIALIZED_AUTOS = YES_AGGRESSIVE;
				GCC_WARN_UNUSED_FUNCTION = YES;
				GCC_WARN_UNUSED_VARIABLE = YES;
				MACOSX_DEPLOYMENT_TARGET = 10.11;
				MTL_ENABLE_DEBUG_INFO = YES;
				ONLY_ACTIVE_ARCH = YES;
				SDKROOT = macosx;
			};
			name = Debug;
		};
		54685D0E1C05BB4000DD9880 /* Release */ = {
			isa = XCBuildConfiguration;
			buildSettings = {
				ALWAYS_SEARCH_USER_PATHS = NO;
				CLANG_CXX_LANGUAGE_STANDARD = "gnu++0x";
				CLANG_CXX_LIBRARY = "libc++";
				CLANG_ENABLE_MODULES = YES;
				CLANG_ENABLE_OBJC_ARC = YES;
				CLANG_WARN_BOOL_CONVERSION = YES;
				CLANG_WARN_CONSTANT_CONVERSION = YES;
				CLANG_WARN_DIRECT_OBJC_ISA_USAGE = YES_ERROR;
				CLANG_WARN_EMPTY_BODY = YES;
				CLANG_WARN_ENUM_CONVERSION = YES;
				CLANG_WARN_INT_CONVERSION = YES;
				CLANG_WARN_OBJC_ROOT_CLASS = YES_ERROR;
				CLANG_WARN_UNREACHABLE_CODE = YES;
				CLANG_WARN__DUPLICATE_METHOD_MATCH = YES;
				CODE_SIGN_IDENTITY = "-";
				COPY_PHASE_STRIP = NO;
				DEBUG_INFORMATION_FORMAT = "dwarf-with-dsym";
				ENABLE_NS_ASSERTIONS = NO;
				ENABLE_STRICT_OBJC_MSGSEND = YES;
				GCC_C_LANGUAGE_STANDARD = gnu99;
				GCC_NO_COMMON_BLOCKS = YES;
				GCC_WARN_64_TO_32_BIT_CONVERSION = YES;
				GCC_WARN_ABOUT_RETURN_TYPE = YES_ERROR;
				GCC_WARN_UNDECLARED_SELECTOR = YES;
				GCC_WARN_UNINITIALIZED_AUTOS = YES_AGGRESSIVE;
				GCC_WARN_UNUSED_FUNCTION = YES;
				GCC_WARN_UNUSED_VARIABLE = YES;
				MACOSX_DEPLOYMENT_TARGET = 10.11;
				MTL_ENABLE_DEBUG_INFO = NO;
				SDKROOT = macosx;
			};
			name = Release;
		};
		54685D101C05BB4000DD9880 /* Debug */ = {
			isa = XCBuildConfiguration;
			buildSettings = {
				ASSETCATALOG_COMPILER_APPICON_NAME = AppIcon;
				COMBINE_HIDPI_IMAGES = YES;
				INFOPLIST_FILE = "Card Reader/Info.plist";
				LD_RUNPATH_SEARCH_PATHS = "$(inherited) @executable_path/../Frameworks";
				PRODUCT_BUNDLE_IDENTIFIER = "Bilue.Card-Reader";
				PRODUCT_NAME = "$(TARGET_NAME)";
			};
			name = Debug;
		};
		54685D111C05BB4000DD9880 /* Release */ = {
			isa = XCBuildConfiguration;
			buildSettings = {
				ASSETCATALOG_COMPILER_APPICON_NAME = AppIcon;
				COMBINE_HIDPI_IMAGES = YES;
				INFOPLIST_FILE = "Card Reader/Info.plist";
				LD_RUNPATH_SEARCH_PATHS = "$(inherited) @executable_path/../Frameworks";
				PRODUCT_BUNDLE_IDENTIFIER = "Bilue.Card-Reader";
				PRODUCT_NAME = "$(TARGET_NAME)";
			};
			name = Release;
		};
/* End XCBuildConfiguration section */

/* Begin XCConfigurationList section */
		54685CF61C05BB4000DD9880 /* Build configuration list for PBXProject "Card Reader" */ = {
			isa = XCConfigurationList;
			buildConfigurations = (
				54685D0D1C05BB4000DD9880 /* Debug */,
				54685D0E1C05BB4000DD9880 /* Release */,
			);
			defaultConfigurationIsVisible = 0;
			defaultConfigurationName = Release;
		};
		54685D0F1C05BB4000DD9880 /* Build configuration list for PBXNativeTarget "Card Reader" */ = {
			isa = XCConfigurationList;
			buildConfigurations = (
				54685D101C05BB4000DD9880 /* Debug */,
				54685D111C05BB4000DD9880 /* Release */,
			);
			defaultConfigurationIsVisible = 0;
		};
/* End XCConfigurationList section */
	};
	rootObject = 54685CF31C05BB4000DD9880 /* Project object */;
}
